lockfileVersion: 5.4

importers:

  packages/shiki:
    specifiers:
      '@types/node': ^14.17.7
      jsonc-parser: ^3.0.0
      vscode-oniguruma: ^1.6.1
      vscode-textmate: ^7.0.1
    dependencies:
      jsonc-parser: 3.0.0
      vscode-oniguruma: 1.6.1
      vscode-textmate: 7.0.1
    devDependencies:
      '@types/node': 14.18.12

packages:

  /@types/node/14.18.12:
    resolution: {integrity: sha512-q4jlIR71hUpWTnGhXWcakgkZeHa3CCjcQcnuzU8M891BAWA2jHiziiWEPEkdS5pFsz7H9HJiy8BrK7tBRNrY7A==}
    dev: true

  /jsonc-parser/3.0.0:
    resolution: {integrity: sha512-fQzRfAbIBnR0IQvftw9FJveWiHp72Fg20giDrHz6TdfB12UH/uue0D3hm57UB5KgAVuniLMCaS8P1IMj9NR7cA==}
    dev: false

  /vscode-oniguruma/1.6.1:
    resolution: {integrity: sha512-vc4WhSIaVpgJ0jJIejjYxPvURJavX6QG41vu0mGhqywMkQqulezEqEQ3cO3gc8GvcOpX6ycmKGqRoROEMBNXTQ==}
    dev: false

  /vscode-textmate/7.0.1:
    resolution: {integrity: sha512-zQ5U/nuXAAMsh691FtV0wPz89nSkHbs+IQV8FDk+wew9BlSDhf4UmWGlWJfTR2Ti6xZv87Tj5fENzKf6Qk7aLw==}
    dev: false
