# THIS IS AN AUTOGENERATED FILE. DO NOT EDIT THIS FILE DIRECTLY.
# yarn lockfile v1


"@types/node@^10.12.0":
  version "10.12.11"
  resolved "https://registry.yarnpkg.com/@types/node/-/node-10.12.11.tgz#715c476c99a5f6898a1ae61caf9825e43c03912e"
  integrity sha512-3iIOhNiPGTdcUNVCv9e5G7GotfvJJe2pc9w2UgDXlUwnxSZ3RgcUocIU+xYm+rTU54jIKih998QE4dMOyMN1NQ==

lru-cache@^4.1.1:
  version "4.1.5"
  resolved "https://registry.yarnpkg.com/lru-cache/-/lru-cache-4.1.5.tgz#8bbe50ea85bed59bc9e33dcab8235ee9bcf443cd"
  integrity sha512-sWZlbEP2OsHNkXrMl5GYk/jKk70MBng6UU4YI/qGDYbgf6YbP4EvmqISbXCoJiRKs+1bSpFHVgQxvJ17F2li5g==
  dependencies:
    pseudomap "^1.0.2"
    yallist "^2.1.2"

onigasm@^2.2.1:
  version "2.2.1"
  resolved "https://registry.yarnpkg.com/onigasm/-/onigasm-2.2.1.tgz#d56da809d63d3bb25510e8b8e447ffe98e56bebb"
  integrity sha512-pa361CpVfsWOk0MQ1jLuJ1GvEJMHEHgZmaBpOIfBbvbp2crkDHacXB6mA4vgEfO7fL0OEMUSuZjX0Q9yTx6jTg==
  dependencies:
    lru-cache "^4.1.1"

pseudomap@^1.0.2:
  version "1.0.2"
  resolved "https://registry.yarnpkg.com/pseudomap/-/pseudomap-1.0.2.tgz#f052a28da70e618917ef0a8ac34c1ae5a68286b3"
  integrity sha1-8FKijacOYYkX7wqKw0wa5aaChrM=

typescript@^3.2.1:
  version "3.2.1"
  resolved "https://registry.yarnpkg.com/typescript/-/typescript-3.2.1.tgz#0b7a04b8cf3868188de914d9568bd030f0c56192"
  integrity sha512-jw7P2z/h6aPT4AENXDGjcfHTu5CSqzsbZc6YlUIebTyBAq8XaKp78x7VcSh30xwSCcsu5irZkYZUSFP1MrAMbg==

"vscode-textmate@https://github.com/octref/vscode-textmate":
  version "4.0.1"
  resolved "https://github.com/octref/vscode-textmate#e65aabe2227febda7beaad31dd0fca1228c5ddf3"

yallist@^2.1.2:
  version "2.1.2"
  resolved "https://registry.yarnpkg.com/yallist/-/yallist-2.1.2.tgz#1c11f9218f076089a47dd512f93c6699a6a81d52"
  integrity sha1-HBH5IY8HYImkfdUS+TxmmaaoHVI=
